
Microsoft Visual Studio Solution File, Format Version 12.00
# Visual Studio Version 16
VisualStudioVersion = 16.0.30309.148
MinimumVisualStudioVersion = 10.0.40219.1
Project("{F184B08F-C81C-45F6-A57F-5ABD9991F28F}") = "WebApplication3", "WebApplication3\WebApplication3.vbproj", "{77AE456E-B778-4342-915C-B6089C46FB3C}"
EndProject
Global
	GlobalSection(SolutionConfigurationPlatforms) = preSolution
		Debug|Any CPU = Debug|Any CPU
		Release|Any CPU = Release|Any CPU
	EndGlobalSection
	GlobalSection(ProjectConfigurationPlatforms) = postSolution
		{77AE456E-B778-4342-915C-B6089C46FB3C}.Debug|Any CPU.ActiveCfg = Debug|Any CPU
		{77AE456E-B778-4342-915C-B6089C46FB3C}.Debug|Any CPU.Build.0 = Debug|Any CPU
		{77AE456E-B778-4342-915C-B6089C46FB3C}.Release|Any CPU.ActiveCfg = Release|Any CPU
		{77AE456E-B778-4342-915C-B6089C46FB3C}.Release|Any CPU.Build.0 = Release|Any CPU
	EndGlobalSection
	GlobalSection(SolutionProperties) = preSolution
		HideSolutionNode = FALSE
	EndGlobalSection
	GlobalSection(ExtensibilityGlobals) = postSolution
		SolutionGuid = {9DB51D77-70D0-41A5-89F2-A64064D935DA}
	EndGlobalSection
EndGlobal
